
Microsoft Visual Studio Solution File, Format Version 12.00
# Visual Studio Version 17
VisualStudioVersion = 17.14.36408.4 d17.14
MinimumVisualStudioVersion = 10.0.40219.1
Project("{FAE04EC0-301F-11D3-BF4B-00C04F79EFBC}") = "ToDoListMVC", "ToDoListMVC\ToDoListMVC.csproj", "{2776B964-53D0-4FB5-9AA4-4278CA808BB2}"
EndProject
Global
	GlobalSection(SolutionConfigurationPlatforms) = preSolution
		Debug|Any CPU = Debug|Any CPU
		Release|Any CPU = Release|Any CPU
	EndGlobalSection
	GlobalSection(ProjectConfigurationPlatforms) = postSolution
		{2776B964-53D0-4FB5-9AA4-4278CA808BB2}.Debug|Any CPU.ActiveCfg = Debug|Any CPU
		{2776B964-53D0-4FB5-9AA4-4278CA808BB2}.Debug|Any CPU.Build.0 = Debug|Any CPU
		{2776B964-53D0-4FB5-9AA4-4278CA808BB2}.Release|Any CPU.ActiveCfg = Release|Any CPU
		{2776B964-53D0-4FB5-9AA4-4278CA808BB2}.Release|Any CPU.Build.0 = Release|Any CPU
	EndGlobalSection
	GlobalSection(SolutionProperties) = preSolution
		HideSolutionNode = FALSE
	EndGlobalSection
	GlobalSection(ExtensibilityGlobals) = postSolution
		SolutionGuid = {2CFCCB9F-3576-4112-B3FE-34B2655184FE}
	EndGlobalSection
EndGlobal
